
Microsoft Visual Studio Solution File, Format Version 12.00
# Visual Studio Version 17
VisualStudioVersion = 17.0.31912.275
MinimumVisualStudioVersion = 10.0.40219.1
Project("{2150E333-8FDC-42A3-9474-1A3956D46DE8}") = "src", "src", "{4D525900-AEC3-4A61-AA0C-99E6D6967009}"
EndProject
Project("{FAE04EC0-301F-11D3-BF4B-00C04F79EFBC}") = "Afdian.Action", "src\Afdian.Action\Afdian.Action.csproj", "{DE70E2AF-F3D9-47B2-A378-EA57AE0F9C4A}"
EndProject
Global
	GlobalSection(SolutionConfigurationPlatforms) = preSolution
		Debug|Any CPU = Debug|Any CPU
		Release|Any CPU = Release|Any CPU
	EndGlobalSection
	GlobalSection(ProjectConfigurationPlatforms) = postSolution
		{DE70E2AF-F3D9-47B2-A378-EA57AE0F9C4A}.Debug|Any CPU.ActiveCfg = Debug|Any CPU
		{DE70E2AF-F3D9-47B2-A378-EA57AE0F9C4A}.Debug|Any CPU.Build.0 = Debug|Any CPU
		{DE70E2AF-F3D9-47B2-A378-EA57AE0F9C4A}.Release|Any CPU.ActiveCfg = Release|Any CPU
		{DE70E2AF-F3D9-47B2-A378-EA57AE0F9C4A}.Release|Any CPU.Build.0 = Release|Any CPU
	EndGlobalSection
	GlobalSection(SolutionProperties) = preSolution
		HideSolutionNode = FALSE
	EndGlobalSection
	GlobalSection(NestedProjects) = preSolution
		{DE70E2AF-F3D9-47B2-A378-EA57AE0F9C4A} = {4D525900-AEC3-4A61-AA0C-99E6D6967009}
	EndGlobalSection
	GlobalSection(ExtensibilityGlobals) = postSolution
		SolutionGuid = {FF8576CB-E327-4187-B0F7-218E162BAC0F}
	EndGlobalSection
EndGlobal
